{
  "version": 4,
  "terraform_version": "1.8.0",
  "serial": 38,
  "lineage": "0581775a-0f39-2439-d52f-c9f034138430",
  "outputs": {},
  "resources": [
    {
      "mode": "managed",
      "type": "aws_eip",
      "name": "nat",
      "provider": "provider[\"registry.terraform.io/hashicorp/aws\"]",
      "instances": [
        {
          "schema_version": 0,
          "attributes": {
            "address": null,
            "allocation_id": "eipalloc-0e5da8d36da828a9d",
            "associate_with_private_ip": null,
            "association_id": "",
            "carrier_ip": "",
            "customer_owned_ip": "",
            "customer_owned_ipv4_pool": "",
            "domain": "vpc",
            "id": "eipalloc-0e5da8d36da828a9d",
            "instance": "",
            "network_border_group": "us-east-2",
            "network_interface": "",
            "private_dns": null,
            "private_ip": "",
            "public_dns": "ec2-18-218-175-203.us-east-2.compute.amazonaws.com",
            "public_ip": "18.218.175.203",
            "public_ipv4_pool": "amazon",
            "tags": {
              "Name": "eks-nat-eip"
            },
            "tags_all": {
              "Name": "eks-nat-eip"
            },
            "timeouts": null,
            "vpc": true
          },
          "sensitive_attributes": [],
          "private": "eyJlMmJmYjczMC1lY2FhLTExZTYtOGY4OC0zNDM2M2JjN2M0YzAiOnsiZGVsZXRlIjoxODAwMDAwMDAwMDAsInJlYWQiOjkwMDAwMDAwMDAwMCwidXBkYXRlIjozMDAwMDAwMDAwMDB9fQ=="
        }
      ]
    },
    {
      "mode": "managed",
      "type": "aws_eks_cluster",
      "name": "control_plane",
      "provider": "provider[\"registry.terraform.io/hashicorp/aws\"]",
      "instances": [
        {
          "schema_version": 0,
          "attributes": {
            "access_config": [
              {
                "authentication_mode": "CONFIG_MAP",
                "bootstrap_cluster_creator_admin_permissions": false
              }
            ],
            "arn": "arn:aws:eks:us-east-2:512634244263:cluster/target-commercial-cluster",
            "certificate_authority": [
              {
                "data": "LS0tLS1CRUdJTiBDRVJUSUZJQ0FURS0tLS0tCk1JSURCVENDQWUyZ0F3SUJBZ0lJS3MvbzM2UWVxRUl3RFFZSktvWklodmNOQVFFTEJRQXdGVEVUTUJFR0ExVUUKQXhNS2EzVmlaWEp1WlhSbGN6QWVGdzB5TmpBMk1EVXlNalUyTlRWYUZ3MHpOakEyTURJeU16QXhOVFZhTUJVeApFekFSQmdOVkJBTVRDbXQxWW1WeWJtVjBaWE13Z2dFaU1BMEdDU3FHU0liM0RRRUJBUVVBQTRJQkR3QXdnZ0VLCkFvSUJBUURSVks2blNZaEZTcmhCZXd0aDA4eXZjN1VxSWFMWjlPbXUxRVpsZTRZRUNYOUMwQ3FyZmx3d1FTNlkKMXVkbTdBeVhyWENXdnBWRGUvclZQbm0wWE5CSGpDKzZpWkVxa2U2a0h3U2JEOGJjcmJoOFAzVGRuZVlrbkppNQpNOGhTWlN2NjBuQkErOWZYWUJqVmEwT1RRaUcwSElJVFIvdHArbGU4d0NwUS9QYVNKV250aTk1cGdVakpBMmFBClVLSXpVZ2dNUkRTeU15L21sRlhqYkdib280eDNTMXJNQTVkWEVvbklic3NoMi9vTDA1VWhldEwwMUNySWlobHoKUk1NY3o3THFaOENZeVp5SUlyZmtRUFFIMEF0ZWNFZTBUVGRzMkhLNjhTNnArZ082U2VmeG9lcm15MUdjKzZEVgpkNlFvM3NPekhNMlNZaUxHWmRKaUhHb1NLLzE3QWdNQkFBR2pXVEJYTUE0R0ExVWREd0VCL3dRRUF3SUNwREFQCkJnTlZIUk1CQWY4RUJUQURBUUgvTUIwR0ExVWREZ1FXQkJRVkk2WkVJdkFJQUYwZ0o0WUVXNVAwK3FuZU1EQVYKQmdOVkhSRUVEakFNZ2dwcmRXSmxjbTVsZEdWek1BMEdDU3FHU0liM0RRRUJDd1VBQTRJQkFRQUZRTlFnMGJRcQovVVlKRlVtYXd4NGw4UDROMEdPMjZlQUxHOGNRTlZTOCt1dnhFclRhV0NIWTcxM3pQU09ja2hoUjVveERJcGRTClJqNUxpM2M4eE9aS2IyZ3BiTXFtSjlIeXVaTUJIdlJieHFVY1lqTXQzY1hLc0pDZFlzTWlnLy91SHY5YlRJWGIKL0hzSThrb2JpN0Y3SVgzeWtWRjhXWStWNjNteHc4MmpYall6RWVmV1pZcktlVlJaaXQvNWtTdHlIMGJZcEVSTgovN2d1dC92ODV4eHRZYStucGE5TVFLWUZ0bWtQU3lmblpXZmVxR3F0bEVIREphRThVdGRsa2VTK004MFJLRHk5ClBjSnhSZ1hXT3NhM0FnbThHUDFhcytJS0VJR2pMMXNqank0QTRYSVNqaEFBSW5sdjFkdlZaM0xSV1Yyenl0bUUKNjlsckNoTzlhQ0xICi0tLS0tRU5EIENFUlRJRklDQVRFLS0tLS0K"
              }
            ],
            "cluster_id": null,
            "created_at": "2026-06-05 22:57:39.62 +0000 UTC",
            "enabled_cluster_log_types": [],
            "encryption_config": [],
            "endpoint": "https://2E9E8B958C356E08CD36126E886E36B3.gr7.us-east-2.eks.amazonaws.com",
            "id": "target-commercial-cluster",
            "identity": [
              {
                "oidc": [
                  {
                    "issuer": "https://oidc.eks.us-east-2.amazonaws.com/id/2E9E8B958C356E08CD36126E886E36B3"
                  }
                ]
              }
            ],
            "kubernetes_network_config": [
              {
                "ip_family": "ipv4",
                "service_ipv4_cidr": "172.20.0.0/16",
                "service_ipv6_cidr": ""
              }
            ],
            "name": "target-commercial-cluster",
            "outpost_config": [],
            "platform_version": "eks.14",
            "role_arn": "arn:aws:iam::512634244263:role/migration-eks-cluster-role",
            "status": "ACTIVE",
            "tags": {},
            "tags_all": {},
            "timeouts": null,
            "version": "1.35",
            "vpc_config": [
              {
                "cluster_security_group_id": "sg-09383c7ad156b0623",
                "endpoint_private_access": true,
                "endpoint_public_access": true,
                "public_access_cidrs": [
                  "0.0.0.0/0"
                ],
                "security_group_ids": [],
                "subnet_ids": [
                  "subnet-03f0963ba37ad02ce",
                  "subnet-055c87e80e3162e62",
                  "subnet-0b32a4e39b6808fe7",
                  "subnet-0d4cfd68a7e0f5aff"
                ],
                "vpc_id": "vpc-0b3bfe9b46a958285"
              }
            ]
          },
          "sensitive_attributes": [],
          "private": "eyJlMmJmYjczMC1lY2FhLTExZTYtOGY4OC0zNDM2M2JjN2M0YzAiOnsiY3JlYXRlIjoxODAwMDAwMDAwMDAwLCJkZWxldGUiOjkwMDAwMDAwMDAwMCwidXBkYXRlIjozNjAwMDAwMDAwMDAwfX0=",
          "dependencies": [
            "aws_iam_role.eks_cluster",
            "aws_iam_role_policy_attachment.eks_cluster_policy",
            "aws_subnet.private_az1",
            "aws_subnet.private_az2",
            "aws_subnet.public_az1",
            "aws_subnet.public_az2",
            "aws_vpc.eks_vpc",
            "aws_vpc_ipam.main",
            "aws_vpc_ipam_pool.pool"
          ]
        }
      ]
    },
    {
      "mode": "managed",
      "type": "aws_eks_node_group",
      "name": "worker_nodes",
      "provider": "provider[\"registry.terraform.io/hashicorp/aws\"]",
      "instances": [
        {
          "status": "tainted",
          "schema_version": 0,
          "attributes": {
            "ami_type": null,
            "arn": null,
            "capacity_type": null,
            "cluster_name": "target-commercial-cluster",
            "disk_size": null,
            "force_update_version": null,
            "id": "target-commercial-cluster:commercial-compute-fleet",
            "instance_types": [
              "t3.medium"
            ],
            "labels": null,
            "launch_template": [],
            "node_group_name": "commercial-compute-fleet",
            "node_group_name_prefix": null,
            "node_role_arn": "arn:aws:iam::512634244263:role/migration-eks-node-role",
            "release_version": null,
            "remote_access": [],
            "resources": null,
            "scaling_config": [
              {
                "desired_size": 2,
                "max_size": 4,
                "min_size": 1
              }
            ],
            "status": null,
            "subnet_ids": [
              "subnet-03f0963ba37ad02ce",
              "subnet-0d4cfd68a7e0f5aff"
            ],
            "tags": null,
            "tags_all": null,
            "taint": [],
            "timeouts": null,
            "update_config": null,
            "version": null
          },
          "sensitive_attributes": [],
          "private": "eyJlMmJmYjczMC1lY2FhLTExZTYtOGY4OC0zNDM2M2JjN2M0YzAiOnsiY3JlYXRlIjozNjAwMDAwMDAwMDAwLCJkZWxldGUiOjM2MDAwMDAwMDAwMDAsInVwZGF0ZSI6MzYwMDAwMDAwMDAwMH19",
          "dependencies": [
            "aws_eks_cluster.control_plane",
            "aws_iam_role.eks_cluster",
            "aws_iam_role.eks_nodes",
            "aws_iam_role_policy_attachment.eks_cluster_policy",
            "aws_iam_role_policy_attachment.node_AmazonEC2ContainerRegistryReadOnly",
            "aws_iam_role_policy_attachment.node_AmazonEKSWorkerNodePolicy",
            "aws_iam_role_policy_attachment.node_AmazonEKS_CNI_Policy",
            "aws_subnet.private_az1",
            "aws_subnet.private_az2",
            "aws_subnet.public_az1",
            "aws_subnet.public_az2",
            "aws_vpc.eks_vpc",
            "aws_vpc_ipam.main",
            "aws_vpc_ipam_pool.pool"
          ]
        }
      ]
    },
    {
      "mode": "managed",
      "type": "aws_iam_role",
      "name": "eks_cluster",
      "provider": "provider[\"registry.terraform.io/hashicorp/aws\"]",
      "instances": [
        {
          "schema_version": 0,
          "attributes": {
            "arn": "arn:aws:iam::512634244263:role/migration-eks-cluster-role",
            "assume_role_policy": "{\"Statement\":[{\"Action\":\"sts:AssumeRole\",\"Effect\":\"Allow\",\"Principal\":{\"Service\":\"eks.amazonaws.com\"}}],\"Version\":\"2012-10-17\"}",
            "create_date": "2026-06-05T22:50:30Z",
            "description": "",
            "force_detach_policies": false,
            "id": "migration-eks-cluster-role",
            "inline_policy": [],
            "managed_policy_arns": [
              "arn:aws:iam::aws:policy/AmazonEKSClusterPolicy"
            ],
            "max_session_duration": 3600,
            "name": "migration-eks-cluster-role",
            "name_prefix": "",
            "path": "/",
            "permissions_boundary": "",
            "tags": {},
            "tags_all": {},
            "unique_id": "AROAXOW3BZST36W3D7ULB"
          },
          "sensitive_attributes": [],
          "private": "bnVsbA=="
        }
      ]
    },
    {
      "mode": "managed",
      "type": "aws_iam_role",
      "name": "eks_nodes",
      "provider": "provider[\"registry.terraform.io/hashicorp/aws\"]",
      "instances": [
        {
          "schema_version": 0,
          "attributes": {
            "arn": "arn:aws:iam::512634244263:role/migration-eks-node-role",
            "assume_role_policy": "{\"Statement\":[{\"Action\":\"sts:AssumeRole\",\"Effect\":\"Allow\",\"Principal\":{\"Service\":\"ec2.amazonaws.com\"}}],\"Version\":\"2012-10-17\"}",
            "create_date": "2026-06-05T23:17:07Z",
            "description": "",
            "force_detach_policies": false,
            "id": "migration-eks-node-role",
            "inline_policy": [],
            "managed_policy_arns": [
              "arn:aws:iam::aws:policy/AmazonEC2ContainerRegistryReadOnly",
              "arn:aws:iam::aws:policy/AmazonEKSWorkerNodePolicy",
              "arn:aws:iam::aws:policy/AmazonEKS_CNI_Policy"
            ],
            "max_session_duration": 3600,
            "name": "migration-eks-node-role",
            "name_prefix": "",
            "path": "/",
            "permissions_boundary": "",
            "tags": {},
            "tags_all": {},
            "unique_id": "AROAXOW3BZST7BRZXWVBY"
          },
          "sensitive_attributes": [],
          "private": "bnVsbA=="
        }
      ]
    },
    {
      "mode": "managed",
      "type": "aws_iam_role_policy_attachment",
      "name": "eks_cluster_policy",
      "provider": "provider[\"registry.terraform.io/hashicorp/aws\"]",
      "instances": [
        {
          "schema_version": 0,
          "attributes": {
            "id": "migration-eks-cluster-role-20260605225030548200000001",
            "policy_arn": "arn:aws:iam::aws:policy/AmazonEKSClusterPolicy",
            "role": "migration-eks-cluster-role"
          },
          "sensitive_attributes": [],
          "private": "bnVsbA==",
          "dependencies": [
            "aws_iam_role.eks_cluster"
          ]
        }
      ]
    },
    {
      "mode": "managed",
      "type": "aws_iam_role_policy_attachment",
      "name": "node_AmazonEC2ContainerRegistryReadOnly",
      "provider": "provider[\"registry.terraform.io/hashicorp/aws\"]",
      "instances": [
        {
          "schema_version": 0,
          "attributes": {
            "id": "migration-eks-node-role-20260605231707974300000001",
            "policy_arn": "arn:aws:iam::aws:policy/AmazonEC2ContainerRegistryReadOnly",
            "role": "migration-eks-node-role"
          },
          "sensitive_attributes": [],
          "private": "bnVsbA==",
          "dependencies": [
            "aws_iam_role.eks_nodes"
          ]
        }
      ]
    },
    {
      "mode": "managed",
      "type": "aws_iam_role_policy_attachment",
      "name": "node_AmazonEKSWorkerNodePolicy",
      "provider": "provider[\"registry.terraform.io/hashicorp/aws\"]",
      "instances": [
        {
          "schema_version": 0,
          "attributes": {
            "id": "migration-eks-node-role-20260605231708034700000002",
            "policy_arn": "arn:aws:iam::aws:policy/AmazonEKSWorkerNodePolicy",
            "role": "migration-eks-node-role"
          },
          "sensitive_attributes": [],
          "private": "bnVsbA==",
          "dependencies": [
            "aws_iam_role.eks_nodes"
          ]
        }
      ]
    },
    {
      "mode": "managed",
      "type": "aws_iam_role_policy_attachment",
      "name": "node_AmazonEKS_CNI_Policy",
      "provider": "provider[\"registry.terraform.io/hashicorp/aws\"]",
      "instances": [
        {
          "schema_version": 0,
          "attributes": {
            "id": "migration-eks-node-role-20260605231708052000000003",
            "policy_arn": "arn:aws:iam::aws:policy/AmazonEKS_CNI_Policy",
            "role": "migration-eks-node-role"
          },
          "sensitive_attributes": [],
          "private": "bnVsbA==",
          "dependencies": [
            "aws_iam_role.eks_nodes"
          ]
        }
      ]
    },
    {
      "mode": "managed",
      "type": "aws_nat_gateway",
      "name": "nat",
      "provider": "provider[\"registry.terraform.io/hashicorp/aws\"]",
      "instances": [
        {
          "status": "tainted",
          "schema_version": 0,
          "attributes": {
            "allocation_id": "eipalloc-0e5da8d36da828a9d",
            "association_id": null,
            "connectivity_type": "public",
            "id": "nat-0a3abd182416dc410",
            "network_interface_id": null,
            "private_ip": null,
            "public_ip": null,
            "secondary_allocation_ids": null,
            "secondary_private_ip_address_count": null,
            "secondary_private_ip_addresses": [],
            "subnet_id": "subnet-0b32a4e39b6808fe7",
            "tags": {
              "Name": "eks-nat-gateway"
            },
            "tags_all": {
              "Name": "eks-nat-gateway"
            },
            "timeouts": null
          },
          "sensitive_attributes": [],
          "private": "eyJlMmJmYjczMC1lY2FhLTExZTYtOGY4OC0zNDM2M2JjN2M0YzAiOnsiY3JlYXRlIjo2MDAwMDAwMDAwMDAsImRlbGV0ZSI6MTgwMDAwMDAwMDAwMCwidXBkYXRlIjo2MDAwMDAwMDAwMDB9fQ==",
          "dependencies": [
            "aws_eip.nat",
            "aws_subnet.public_az1",
            "aws_vpc.eks_vpc",
            "aws_vpc_ipam.main",
            "aws_vpc_ipam_pool.pool"
          ]
        }
      ]
    },
    {
      "mode": "managed",
      "type": "aws_subnet",
      "name": "private_az1",
      "provider": "provider[\"registry.terraform.io/hashicorp/aws\"]",
      "instances": [
        {
          "schema_version": 1,
          "attributes": {
            "arn": "arn:aws:ec2:us-east-2:512634244263:subnet/subnet-0d4cfd68a7e0f5aff",
            "assign_ipv6_address_on_creation": false,
            "availability_zone": "us-east-2a",
            "availability_zone_id": "use2-az1",
            "cidr_block": "10.240.1.0/24",
            "customer_owned_ipv4_pool": "",
            "enable_dns64": false,
            "enable_lni_at_device_index": 0,
            "enable_resource_name_dns_a_record_on_launch": false,
            "enable_resource_name_dns_aaaa_record_on_launch": false,
            "id": "subnet-0d4cfd68a7e0f5aff",
            "ipv6_cidr_block": "",
            "ipv6_cidr_block_association_id": "",
            "ipv6_native": false,
            "map_customer_owned_ip_on_launch": false,
            "map_public_ip_on_launch": false,
            "outpost_arn": "",
            "owner_id": "512634244263",
            "private_dns_hostname_type_on_launch": "ip-name",
            "tags": {
              "Name": "eks-private-sub-1"
            },
            "tags_all": {
              "Name": "eks-private-sub-1"
            },
            "timeouts": null,
            "vpc_id": "vpc-0b3bfe9b46a958285"
          },
          "sensitive_attributes": [],
          "private": "eyJlMmJmYjczMC1lY2FhLTExZTYtOGY4OC0zNDM2M2JjN2M0YzAiOnsiY3JlYXRlIjo2MDAwMDAwMDAwMDAsImRlbGV0ZSI6MTIwMDAwMDAwMDAwMH0sInNjaGVtYV92ZXJzaW9uIjoiMSJ9",
          "dependencies": [
            "aws_vpc.eks_vpc",
            "aws_vpc_ipam.main",
            "aws_vpc_ipam_pool.pool"
          ]
        }
      ]
    },
    {
      "mode": "managed",
      "type": "aws_subnet",
      "name": "private_az2",
      "provider": "provider[\"registry.terraform.io/hashicorp/aws\"]",
      "instances": [
        {
          "schema_version": 1,
          "attributes": {
            "arn": "arn:aws:ec2:us-east-2:512634244263:subnet/subnet-03f0963ba37ad02ce",
            "assign_ipv6_address_on_creation": false,
            "availability_zone": "us-east-2b",
            "availability_zone_id": "use2-az2",
            "cidr_block": "10.240.3.0/24",
            "customer_owned_ipv4_pool": "",
            "enable_dns64": false,
            "enable_lni_at_device_index": 0,
            "enable_resource_name_dns_a_record_on_launch": false,
            "enable_resource_name_dns_aaaa_record_on_launch": false,
            "id": "subnet-03f0963ba37ad02ce",
            "ipv6_cidr_block": "",
            "ipv6_cidr_block_association_id": "",
            "ipv6_native": false,
            "map_customer_owned_ip_on_launch": false,
            "map_public_ip_on_launch": false,
            "outpost_arn": "",
            "owner_id": "512634244263",
            "private_dns_hostname_type_on_launch": "ip-name",
            "tags": {
              "Name": "eks-private-sub-2"
            },
            "tags_all": {
              "Name": "eks-private-sub-2"
            },
            "timeouts": null,
            "vpc_id": "vpc-0b3bfe9b46a958285"
          },
          "sensitive_attributes": [],
          "private": "eyJlMmJmYjczMC1lY2FhLTExZTYtOGY4OC0zNDM2M2JjN2M0YzAiOnsiY3JlYXRlIjo2MDAwMDAwMDAwMDAsImRlbGV0ZSI6MTIwMDAwMDAwMDAwMH0sInNjaGVtYV92ZXJzaW9uIjoiMSJ9",
          "dependencies": [
            "aws_vpc.eks_vpc",
            "aws_vpc_ipam.main",
            "aws_vpc_ipam_pool.pool"
          ]
        }
      ]
    },
    {
      "mode": "managed",
      "type": "aws_subnet",
      "name": "public_az1",
      "provider": "provider[\"registry.terraform.io/hashicorp/aws\"]",
      "instances": [
        {
          "schema_version": 1,
          "attributes": {
            "arn": "arn:aws:ec2:us-east-2:512634244263:subnet/subnet-0b32a4e39b6808fe7",
            "assign_ipv6_address_on_creation": false,
            "availability_zone": "us-east-2a",
            "availability_zone_id": "use2-az1",
            "cidr_block": "10.240.0.0/24",
            "customer_owned_ipv4_pool": "",
            "enable_dns64": false,
            "enable_lni_at_device_index": 0,
            "enable_resource_name_dns_a_record_on_launch": false,
            "enable_resource_name_dns_aaaa_record_on_launch": false,
            "id": "subnet-0b32a4e39b6808fe7",
            "ipv6_cidr_block": "",
            "ipv6_cidr_block_association_id": "",
            "ipv6_native": false,
            "map_customer_owned_ip_on_launch": false,
            "map_public_ip_on_launch": true,
            "outpost_arn": "",
            "owner_id": "512634244263",
            "private_dns_hostname_type_on_launch": "ip-name",
            "tags": {
              "Name": "eks-public-sub-1"
            },
            "tags_all": {
              "Name": "eks-public-sub-1"
            },
            "timeouts": null,
            "vpc_id": "vpc-0b3bfe9b46a958285"
          },
          "sensitive_attributes": [],
          "private": "eyJlMmJmYjczMC1lY2FhLTExZTYtOGY4OC0zNDM2M2JjN2M0YzAiOnsiY3JlYXRlIjo2MDAwMDAwMDAwMDAsImRlbGV0ZSI6MTIwMDAwMDAwMDAwMH0sInNjaGVtYV92ZXJzaW9uIjoiMSJ9",
          "dependencies": [
            "aws_vpc.eks_vpc",
            "aws_vpc_ipam.main",
            "aws_vpc_ipam_pool.pool"
          ]
        }
      ]
    },
    {
      "mode": "managed",
      "type": "aws_subnet",
      "name": "public_az2",
      "provider": "provider[\"registry.terraform.io/hashicorp/aws\"]",
      "instances": [
        {
          "schema_version": 1,
          "attributes": {
            "arn": "arn:aws:ec2:us-east-2:512634244263:subnet/subnet-055c87e80e3162e62",
            "assign_ipv6_address_on_creation": false,
            "availability_zone": "us-east-2b",
            "availability_zone_id": "use2-az2",
            "cidr_block": "10.240.2.0/24",
            "customer_owned_ipv4_pool": "",
            "enable_dns64": false,
            "enable_lni_at_device_index": 0,
            "enable_resource_name_dns_a_record_on_launch": false,
            "enable_resource_name_dns_aaaa_record_on_launch": false,
            "id": "subnet-055c87e80e3162e62",
            "ipv6_cidr_block": "",
            "ipv6_cidr_block_association_id": "",
            "ipv6_native": false,
            "map_customer_owned_ip_on_launch": false,
            "map_public_ip_on_launch": true,
            "outpost_arn": "",
            "owner_id": "512634244263",
            "private_dns_hostname_type_on_launch": "ip-name",
            "tags": {
              "Name": "eks-public-sub-2"
            },
            "tags_all": {
              "Name": "eks-public-sub-2"
            },
            "timeouts": null,
            "vpc_id": "vpc-0b3bfe9b46a958285"
          },
          "sensitive_attributes": [],
          "private": "eyJlMmJmYjczMC1lY2FhLTExZTYtOGY4OC0zNDM2M2JjN2M0YzAiOnsiY3JlYXRlIjo2MDAwMDAwMDAwMDAsImRlbGV0ZSI6MTIwMDAwMDAwMDAwMH0sInNjaGVtYV92ZXJzaW9uIjoiMSJ9",
          "dependencies": [
            "aws_vpc.eks_vpc",
            "aws_vpc_ipam.main",
            "aws_vpc_ipam_pool.pool"
          ]
        }
      ]
    },
    {
      "mode": "managed",
      "type": "aws_vpc",
      "name": "eks_vpc",
      "provider": "provider[\"registry.terraform.io/hashicorp/aws\"]",
      "instances": [
        {
          "schema_version": 1,
          "attributes": {
            "arn": "arn:aws:ec2:us-east-2:512634244263:vpc/vpc-0b3bfe9b46a958285",
            "assign_generated_ipv6_cidr_block": false,
            "cidr_block": "10.240.0.0/20",
            "default_network_acl_id": "acl-07cd26c65f77ba7b7",
            "default_route_table_id": "rtb-07b25e39de5b9023c",
            "default_security_group_id": "sg-03ff099ba1f1d0f6b",
            "dhcp_options_id": "dopt-07519fa49f5ad10ed",
            "enable_dns_hostnames": true,
            "enable_dns_support": true,
            "enable_network_address_usage_metrics": false,
            "id": "vpc-0b3bfe9b46a958285",
            "instance_tenancy": "default",
            "ipv4_ipam_pool_id": "ipam-pool-0c83913513fbfc0b3",
            "ipv4_netmask_length": 20,
            "ipv6_association_id": "",
            "ipv6_cidr_block": "",
            "ipv6_cidr_block_network_border_group": "",
            "ipv6_ipam_pool_id": "",
            "ipv6_netmask_length": 0,
            "main_route_table_id": "rtb-07b25e39de5b9023c",
            "owner_id": "512634244263",
            "tags": {
              "Name": "migration-eks-vpc"
            },
            "tags_all": {
              "Name": "migration-eks-vpc"
            }
          },
          "sensitive_attributes": [],
          "private": "eyJzY2hlbWFfdmVyc2lvbiI6IjEifQ==",
          "dependencies": [
            "aws_vpc_ipam.main",
            "aws_vpc_ipam_pool.pool"
          ]
        }
      ]
    },
    {
      "mode": "managed",
      "type": "aws_vpc_ipam",
      "name": "main",
      "provider": "provider[\"registry.terraform.io/hashicorp/aws\"]",
      "instances": [
        {
          "schema_version": 0,
          "attributes": {
            "arn": "arn:aws:ec2::512634244263:ipam/ipam-0bca2bfd30ccfd1e6",
            "cascade": null,
            "default_resource_discovery_association_id": "ipam-res-disco-assoc-03ee9757dd1dbcd7a",
            "default_resource_discovery_id": "ipam-res-disco-0988fd8e4e03ccf46",
            "description": "",
            "id": "ipam-0bca2bfd30ccfd1e6",
            "operating_regions": [
              {
                "region_name": "us-east-2"
              }
            ],
            "private_default_scope_id": "ipam-scope-02b12694eeff9e5ad",
            "public_default_scope_id": "ipam-scope-0f25ca2d07b40f64c",
            "scope_count": 2,
            "tags": {},
            "tags_all": {},
            "tier": "advanced",
            "timeouts": null
          },
          "sensitive_attributes": [],
          "private": "eyJlMmJmYjczMC1lY2FhLTExZTYtOGY4OC0zNDM2M2JjN2M0YzAiOnsiY3JlYXRlIjoxODAwMDAwMDAwMDAsImRlbGV0ZSI6MTgwMDAwMDAwMDAwLCJ1cGRhdGUiOjE4MDAwMDAwMDAwMH19"
        }
      ]
    },
    {
      "mode": "managed",
      "type": "aws_vpc_ipam_pool",
      "name": "pool",
      "provider": "provider[\"registry.terraform.io/hashicorp/aws\"]",
      "instances": [
        {
          "schema_version": 0,
          "attributes": {
            "address_family": "ipv4",
            "allocation_default_netmask_length": null,
            "allocation_max_netmask_length": 24,
            "allocation_min_netmask_length": 16,
            "allocation_resource_tags": {},
            "arn": "arn:aws:ec2::512634244263:ipam-pool/ipam-pool-0c83913513fbfc0b3",
            "auto_import": false,
            "aws_service": "",
            "description": "",
            "id": "ipam-pool-0c83913513fbfc0b3",
            "ipam_scope_id": "ipam-scope-02b12694eeff9e5ad",
            "ipam_scope_type": "private",
            "locale": "us-east-2",
            "pool_depth": 1,
            "public_ip_source": "",
            "publicly_advertisable": false,
            "source_ipam_pool_id": "",
            "state": "modify-complete",
            "tags": {},
            "tags_all": {},
            "timeouts": null
          },
          "sensitive_attributes": [],
          "private": "eyJlMmJmYjczMC1lY2FhLTExZTYtOGY4OC0zNDM2M2JjN2M0YzAiOnsiY3JlYXRlIjoxODAwMDAwMDAwMDAsImRlbGV0ZSI6MTgwMDAwMDAwMDAwLCJ1cGRhdGUiOjE4MDAwMDAwMDAwMH19",
          "dependencies": [
            "aws_vpc_ipam.main"
          ]
        }
      ]
    },
    {
      "mode": "managed",
      "type": "aws_vpc_ipam_pool_cidr",
      "name": "cidr",
      "provider": "provider[\"registry.terraform.io/hashicorp/aws\"]",
      "instances": [
        {
          "schema_version": 0,
          "attributes": {
            "cidr": "10.240.0.0/16",
            "cidr_authorization_context": [],
            "id": "10.240.0.0/16_ipam-pool-0c83913513fbfc0b3",
            "ipam_pool_cidr_id": "ipam-pool-cidr-01d1d64d5a2bb457186e8fbaa8e1d0127",
            "ipam_pool_id": "ipam-pool-0c83913513fbfc0b3",
            "netmask_length": null,
            "timeouts": null
          },
          "sensitive_attributes": [],
          "private": "eyJlMmJmYjczMC1lY2FhLTExZTYtOGY4OC0zNDM2M2JjN2M0YzAiOnsiY3JlYXRlIjo2MDAwMDAwMDAwMDAsImRlbGV0ZSI6MTkyMDAwMDAwMDAwMH19",
          "dependencies": [
            "aws_vpc_ipam.main",
            "aws_vpc_ipam_pool.pool"
          ]
        }
      ]
    }
  ],
  "check_results": null
}
